{
  "name": "@cliche/fin",
  "version": "0.0.5",
  "lockfileVersion": 1,
  "requires": true,
  "dependencies": {
    "@typen/enum-data-types": {
      "version": "0.0.2",
      "resolved": "https://registry.npmjs.org/@typen/enum-data-types/-/enum-data-types-0.0.2.tgz",
      "integrity": "sha512-z0OmrWnvPX+gR393fCO5Fq9MLUaLJBGCgHt+WvfBAFnlXPtQc2MgqH5d2VycAlqgIJyeGyT288odeHZSMDU+OQ=="
    },
    "@typen/num-strict": {
      "version": "0.0.2",
      "resolved": "https://registry.npmjs.org/@typen/num-strict/-/num-strict-0.0.2.tgz",
      "integrity": "sha512-dEIe8dO7BGPQH+qs2vdvxvYfFIOMf4VtH6dmXBSXC7Ifsk4c1YqrpVJD6oO5EZQurBcaXz667ehV8hoxJuNhBg==",
      "requires": {
        "@typen/enum-data-types": "^0.0.2",
        "@typen/typ": "^0.0.2"
      }
    },
    "@typen/typ": {
      "version": "0.0.2",
      "resolved": "https://registry.npmjs.org/@typen/typ/-/typ-0.0.2.tgz",
      "integrity": "sha512-DE+03sO2w8NShozLaDIhGjPQB+8euA3Z6/OIy5FrSsLSZd6VuQZNda4W5g3qdbjxbM7voo/WzWWMSPUvy6hwAQ=="
    }
  }
}
